
Microsoft Visual Studio Solution File, Format Version 12.00
# Visual Studio Version 16
VisualStudioVersion = 16.0.31624.102
MinimumVisualStudioVersion = 10.0.40219.1
Project("{8BC9CEB8-8B4A-11D0-8D11-00A0C91BC942}") = "Stack", "Stack\Stack.vcxproj", "{F51E4A6E-16F2-4C16-92CF-0B4BD3E24770}"
EndProject
Project("{8BC9CEB8-8B4A-11D0-8D11-00A0C91BC942}") = "Queue", "Queue\Queue.vcxproj", "{4FA3FF05-D487-4617-808D-23163436620D}"
EndProject
Project("{8BC9CEB8-8B4A-11D0-8D11-00A0C91BC942}") = "Circular", "Circular\Circular.vcxproj", "{2B92C8CD-A7CD-43C1-AB64-E9943EF2A137}"
EndProject
Project("{8BC9CEB8-8B4A-11D0-8D11-00A0C91BC942}") = "linkedlist", "linkedlist\linkedlist.vcxproj", "{C75BD20F-4141-4866-9863-978EFEA74BC5}"
EndProject
Project("{8BC9CEB8-8B4A-11D0-8D11-00A0C91BC942}") = "Circular_linkedlist", "Circular_linkedlist\Circular_linkedlist.vcxproj", "{0C4920A0-CB38-426B-8471-E3FC36D8618D}"
EndProject
Project("{8BC9CEB8-8B4A-11D0-8D11-00A0C91BC942}") = "sort", "select_Sorting\select_Sorting.vcxproj", "{C6E446E9-6EC3-40F1-AF18-5EBD9F0FD3A5}"
EndProject
Project("{8BC9CEB8-8B4A-11D0-8D11-00A0C91BC942}") = "Tree", "Tree\Tree.vcxproj", "{EF99F097-A258-49CD-910C-7B283D0660B7}"
EndProject
Project("{8BC9CEB8-8B4A-11D0-8D11-00A0C91BC942}") = "Vector", "Vector\Vector.vcxproj", "{472B49EE-5D8F-484F-96E8-1B7DE0D02E52}"
EndProject
Project("{2150E333-8FDC-42A3-9474-1A3956D46DE8}") = "stl", "stl", "{F6A098FA-9DAE-4782-9E12-F66F24768ADC}"
EndProject
Project("{2150E333-8FDC-42A3-9474-1A3956D46DE8}") = "DataStruct", "DataStruct", "{1AFBE388-9A20-49A0-B251-21FE5D91A250}"
EndProject
Project("{8BC9CEB8-8B4A-11D0-8D11-00A0C91BC942}") = "Map", "Map\Map.vcxproj", "{8B88B5D6-E0A4-4D0C-87D1-1D36C1DA0F99}"
EndProject
Project("{8BC9CEB8-8B4A-11D0-8D11-00A0C91BC942}") = "String", "String\String.vcxproj", "{731D4D2D-2E95-4675-8786-CCCCB31650A7}"
EndProject
Project("{2150E333-8FDC-42A3-9474-1A3956D46DE8}") = "Problem", "Problem", "{325C9F3F-E1BB-4BDF-AF6A-B9F30727CF5D}"
EndProject
Project("{8BC9CEB8-8B4A-11D0-8D11-00A0C91BC942}") = "point", "Rectangle\Rectangle.vcxproj", "{BAB581F0-9736-4782-B1C4-36ED2AA8D879}"
EndProject
Project("{8BC9CEB8-8B4A-11D0-8D11-00A0C91BC942}") = "Magicsquare", "Magicsquare\Magicsquare.vcxproj", "{E1E7FA85-262C-44A0-8B0A-3C5E7C7B7DF1}"
EndProject
Project("{8BC9CEB8-8B4A-11D0-8D11-00A0C91BC942}") = "ClassLinkedlist", "ClassLinkedlist\ClassLinkedlist.vcxproj", "{E8A32C69-515B-4093-A684-CDAA8E51D0E8}"
EndProject
Project("{2150E333-8FDC-42A3-9474-1A3956D46DE8}") = "test(mentor)", "test(mentor)", "{62BBC73A-90B3-4500-835A-ADCA5FAD4695}"
EndProject
Project("{8BC9CEB8-8B4A-11D0-8D11-00A0C91BC942}") = "Collision", "OTree\OTree.vcxproj", "{68643712-C49A-4E9D-A383-60B8D68F45E0}"
EndProject
Project("{2150E333-8FDC-42A3-9474-1A3956D46DE8}") = "DX", "DX", "{5C76C335-9325-4E03-A0FD-8F8D63A9C56A}"
EndProject
Project("{8BC9CEB8-8B4A-11D0-8D11-00A0C91BC942}") = "CreateWindows", "CreateWindows\CreateWindows.vcxproj", "{7D13A825-01A3-4B57-9021-A1888B41F9CA}"
EndProject
Project("{8BC9CEB8-8B4A-11D0-8D11-00A0C91BC942}") = "QURDTREE", "QURDTREE\QURDTREE.vcxproj", "{4AF59F4E-193F-43D0-8FC5-F2BCEEE89566}"
EndProject
Project("{8BC9CEB8-8B4A-11D0-8D11-00A0C91BC942}") = "CreateDevice", "CreateDevice\CreateDevice.vcxproj", "{CD95B696-7E7F-4BD4-853B-712274411A97}"
EndProject
Project("{2150E333-8FDC-42A3-9474-1A3956D46DE8}") = "c++", "c++", "{2E810A57-6700-4FB4-B7B1-550F77A2D885}"
EndProject
Project("{8BC9CEB8-8B4A-11D0-8D11-00A0C91BC942}") = "CreateTimer", "Timer\Timer.vcxproj", "{95B03B5A-69D8-4A1C-8848-1B84E9BAA74A}"
EndProject
Project("{8BC9CEB8-8B4A-11D0-8D11-00A0C91BC942}") = "CreateInput", "CreateInput\CreateInput.vcxproj", "{A499AF1B-236F-4278-ABF4-29B2AC855C68}"
EndProject
Project("{8BC9CEB8-8B4A-11D0-8D11-00A0C91BC942}") = "JSHCore", "JSHCore\JSHCore.vcxproj", "{D4E47162-9BCC-49AD-9DD7-1CF4B2148F00}"
EndProject
Project("{8BC9CEB8-8B4A-11D0-8D11-00A0C91BC942}") = "SampleLib", "SampleLib\SampleLib.vcxproj", "{49192EEA-1620-4114-8A80-2F2172FCB9CD}"
EndProject
Project("{8BC9CEB8-8B4A-11D0-8D11-00A0C91BC942}") = "CreateDXwrite", "CreateDXwrite\CreateDXwrite.vcxproj", "{58BB300E-FF8D-4C66-983A-628E404DED0A}"
EndProject
Project("{8BC9CEB8-8B4A-11D0-8D11-00A0C91BC942}") = "CreateVertexBuffer", "CreateVertexBuffer\CreateVertexBuffer.vcxproj", "{397D7D8F-EDFF-4535-95AD-67E970B6D5DD}"
EndProject
Project("{8BC9CEB8-8B4A-11D0-8D11-00A0C91BC942}") = "CreateViewandProjection", "CreateViewandProjection\CreateViewandProjection.vcxproj", "{703E6D52-29A0-4133-A8F0-2235D9ED85F3}"
EndProject
Project("{8BC9CEB8-8B4A-11D0-8D11-00A0C91BC942}") = "CreateMap", "CreateMap\CreateMap.vcxproj", "{A349A3AB-A31B-418B-AFE9-1BC831ACD3BB}"
EndProject
Project("{8BC9CEB8-8B4A-11D0-8D11-00A0C91BC942}") = "CreateIndexbuffer", "CreateIndexbuffer\CreateIndexbuffer.vcxproj", "{721EA512-4604-49C3-8CE1-4C4B79025A5A}"
EndProject
Project("{8BC9CEB8-8B4A-11D0-8D11-00A0C91BC942}") = "HVertexbuffer", "HVertexbuffer\HVertexbuffer.vcxproj", "{C36A27E9-13D0-498F-B676-65CBB9AB19D5}"
EndProject
Project("{8BC9CEB8-8B4A-11D0-8D11-00A0C91BC942}") = "LODMapTest", "LODMapTest\LODMapTest.vcxproj", "{AB1BAF9E-E050-400C-9015-25C8E23E3947}"
EndProject
Project("{2150E333-8FDC-42A3-9474-1A3956D46DE8}") = "Graphic", "Graphic", "{D842F7B1-6F8B-4F34-9BDA-284F8EB2FE8C}"
EndProject
Project("{8BC9CEB8-8B4A-11D0-8D11-00A0C91BC942}") = "FbxObject", "FbxObject\FbxObject.vcxproj", "{E3FEB3CB-6A30-4221-9520-1138A31E6043}"
EndProject
Project("{8BC9CEB8-8B4A-11D0-8D11-00A0C91BC942}") = "FbxObj", "FbxObj\FbxObj.vcxproj", "{DAFC3222-0866-45C5-9675-F257F8588C03}"
EndProject
Project("{8BC9CEB8-8B4A-11D0-8D11-00A0C91BC942}") = "FbxObjShip", "FbxObjShip\FbxObjShip.vcxproj", "{CF2830C8-84E0-4965-A40C-D06323E99B9B}"
EndProject
Project("{8BC9CEB8-8B4A-11D0-8D11-00A0C91BC942}") = "FbxTurret", "FbxTurret\FbxTurret.vcxproj", "{AA718364-E2F6-42AB-AB87-4486E3035685}"
EndProject
Project("{8BC9CEB8-8B4A-11D0-8D11-00A0C91BC942}") = "FbxAnimation", "FbxAnimation\FbxAnimation.vcxproj", "{0FC5E842-808C-4D85-8233-5F9A37F578AB}"
EndProject
Project("{8BC9CEB8-8B4A-11D0-8D11-00A0C91BC942}") = "FbxAnimation02", "FbxAnimation02\FbxAnimation02.vcxproj", "{837AC790-CEF0-4D4B-960C-5E485AF88D3F}"
EndProject
Project("{8BC9CEB8-8B4A-11D0-8D11-00A0C91BC942}") = "Basic", "Basic\Basic.vcxproj", "{CCEE06C5-0039-49FA-88CE-4F2A982CCCE3}"
EndProject
Project("{2150E333-8FDC-42A3-9474-1A3956D46DE8}") = "C++Basic", "C++Basic", "{58EE9C60-B3B0-498C-8FCA-44708F5A9344}"
EndProject
Project("{8BC9CEB8-8B4A-11D0-8D11-00A0C91BC942}") = "FbxAnimationMan", "FbxAnimationMan\FbxAnimationMan.vcxproj", "{5854707C-5B42-4A3E-80F7-307F91A8CE90}"
EndProject
Project("{8BC9CEB8-8B4A-11D0-8D11-00A0C91BC942}") = "FbxAnimationShadow", "FbxAnimationShadow\FbxAnimationShadow.vcxproj", "{100A73EB-F22F-4025-9CD8-1901DE0DAB7E}"
EndProject
Project("{8BC9CEB8-8B4A-11D0-8D11-00A0C91BC942}") = "FbxProjetionShadow", "FbxProjetionShadow\FbxProjetionShadow.vcxproj", "{C37A1FE2-5384-458A-8E84-F5D46E0DC720}"
EndProject
Project("{8BC9CEB8-8B4A-11D0-8D11-00A0C91BC942}") = "Basic02", "Basic02\Basic02.vcxproj", "{0320BBF7-684C-4A35-9DED-BB518F4BC481}"
EndProject
Project("{8BC9CEB8-8B4A-11D0-8D11-00A0C91BC942}") = "FbxDepthShadow", "FbxDepthShadow\FbxDepthShadow.vcxproj", "{C2F1CA44-02E5-45B2-9EB0-B99F9D9991A8}"
EndProject
Project("{8BC9CEB8-8B4A-11D0-8D11-00A0C91BC942}") = "Solo", "Solo\Solo.vcxproj", "{A635200F-AA1B-45AF-9C66-019C47886275}"
EndProject
Project("{8BC9CEB8-8B4A-11D0-8D11-00A0C91BC942}") = "Grade", "Student\Student.vcxproj", "{9B1819A9-092D-4CC3-A1E1-6DC84F40F2B2}"
EndProject
Project("{8BC9CEB8-8B4A-11D0-8D11-00A0C91BC942}") = "selectsort", "selectsort\selectsort.vcxproj", "{BCAFDE06-39BD-454D-B6CE-C8BFA0335024}"
EndProject
Project("{8BC9CEB8-8B4A-11D0-8D11-00A0C91BC942}") = "bubblesort", "bubblesort\bubblesort.vcxproj", "{7D059BDA-DDD9-43B6-BA60-5D5A068162A8}"
EndProject
Project("{2150E333-8FDC-42A3-9474-1A3956D46DE8}") = "Server", "Server", "{0DB2E86E-38CD-40DD-B1A4-AE39431363D7}"
EndProject
Project("{8BC9CEB8-8B4A-11D0-8D11-00A0C91BC942}") = "SocketClient", "Socket_0\Socket_0.vcxproj", "{85AD98AD-01EB-40CD-871D-F8943B01A5D2}"
EndProject
Project("{8BC9CEB8-8B4A-11D0-8D11-00A0C91BC942}") = "SocketServer", "SocketServer\SocketServer.vcxproj", "{0E2040DC-A452-40E4-97F5-FDB806A75838}"
EndProject
Project("{2150E333-8FDC-42A3-9474-1A3956D46DE8}") = "echo", "echo", "{56C95D0A-4BE9-4555-B848-07DB9DDA11B0}"
EndProject
Project("{2150E333-8FDC-42A3-9474-1A3956D46DE8}") = "chat", "chat", "{9B0AA212-5B4E-4ACE-9023-146032543A61}"
EndProject
Project("{8BC9CEB8-8B4A-11D0-8D11-00A0C91BC942}") = "ServerChatting", "ServerChatting\ServerChatting.vcxproj", "{1DE6E31D-A87E-43FC-871E-D76CF10E9EA3}"
EndProject
Project("{8BC9CEB8-8B4A-11D0-8D11-00A0C91BC942}") = "ClientChatting", "ClientChatting\ClientChatting.vcxproj", "{A9F4EC38-740E-4F22-8DF9-1F502B5CE8C1}"
EndProject
Project("{2150E333-8FDC-42A3-9474-1A3956D46DE8}") = "MakePacket", "MakePacket", "{AE9BCE41-7712-4664-B01D-94C072B86827}"
EndProject
Project("{8BC9CEB8-8B4A-11D0-8D11-00A0C91BC942}") = "MakePacket_S", "MakePacket_S\MakePacket_S.vcxproj", "{B44F44A5-C870-43B4-91E3-696084F33547}"
EndProject
Project("{8BC9CEB8-8B4A-11D0-8D11-00A0C91BC942}") = "MakePacket_C", "MakePacket_C\MakePacket_C.vcxproj", "{3796E925-996C-4005-8F47-FC936B08BEFE}"
EndProject
Project("{2150E333-8FDC-42A3-9474-1A3956D46DE8}") = "Study", "Study", "{32AA55B7-C05E-48F9-B9E6-E3CFBAA64BB7}"
EndProject
Project("{8BC9CEB8-8B4A-11D0-8D11-00A0C91BC942}") = "VertexTransform", "VertexTransform\VertexTransform.vcxproj", "{749EB593-183E-481E-A9DF-15586F40FD7C}"
EndProject
Project("{8BC9CEB8-8B4A-11D0-8D11-00A0C91BC942}") = "SampleBox", "SampleBox\SampleBox.vcxproj", "{C6556106-2433-488F-B265-C522AE07A0B5}"
EndProject
Project("{8BC9CEB8-8B4A-11D0-8D11-00A0C91BC942}") = "SampleMap", "SampleMap\SampleMap.vcxproj", "{77CA553E-E954-4014-887D-66CE7BD9A7B5}"
EndProject
Project("{8BC9CEB8-8B4A-11D0-8D11-00A0C91BC942}") = "Frusutm", "Frusutm\Frusutm.vcxproj", "{F07991CE-065F-476A-B0BD-C3C48BC7427A}"
EndProject
Project("{8BC9CEB8-8B4A-11D0-8D11-00A0C91BC942}") = "FbxStart", "FbxStart\FbxStart.vcxproj", "{4B4C6F4D-2CA7-489A-8FED-5BFE770FEDFD}"
EndProject
Project("{8BC9CEB8-8B4A-11D0-8D11-00A0C91BC942}") = "Fbx_01", "Fbx_01\Fbx_01.vcxproj", "{ECD697FB-2C85-423D-B971-E480E6878FAB}"
EndProject
Project("{8BC9CEB8-8B4A-11D0-8D11-00A0C91BC942}") = "FbxObj_01", "FbxObj_01\FbxObj_01.vcxproj", "{415B8187-A7D4-4B67-95CA-8B35626F3516}"
EndProject
Project("{8BC9CEB8-8B4A-11D0-8D11-00A0C91BC942}") = "PointLight", "PointLight\PointLight.vcxproj", "{9E370C14-AE70-46C1-A410-3B701DFC9120}"
EndProject
Project("{8BC9CEB8-8B4A-11D0-8D11-00A0C91BC942}") = "mousepicking", "mousepicking\mousepicking.vcxproj", "{FD543119-9492-46B2-BFB0-1FD179A1A96B}"
EndProject
Global
	GlobalSection(SolutionConfigurationPlatforms) = preSolution
		Debug|x64 = Debug|x64
		Debug|x86 = Debug|x86
		Release|x64 = Release|x64
		Release|x86 = Release|x86
	EndGlobalSection
	GlobalSection(ProjectConfigurationPlatforms) = postSolution
		{F51E4A6E-16F2-4C16-92CF-0B4BD3E24770}.Debug|x64.ActiveCfg = Debug|x64
		{F51E4A6E-16F2-4C16-92CF-0B4BD3E24770}.Debug|x64.Build.0 = Debug|x64
		{F51E4A6E-16F2-4C16-92CF-0B4BD3E24770}.Debug|x86.ActiveCfg = Debug|Win32
		{F51E4A6E-16F2-4C16-92CF-0B4BD3E24770}.Debug|x86.Build.0 = Debug|Win32
		{F51E4A6E-16F2-4C16-92CF-0B4BD3E24770}.Release|x64.ActiveCfg = Release|x64
		{F51E4A6E-16F2-4C16-92CF-0B4BD3E24770}.Release|x64.Build.0 = Release|x64
		{F51E4A6E-16F2-4C16-92CF-0B4BD3E24770}.Release|x86.ActiveCfg = Release|Win32
		{F51E4A6E-16F2-4C16-92CF-0B4BD3E24770}.Release|x86.Build.0 = Release|Win32
		{4FA3FF05-D487-4617-808D-23163436620D}.Debug|x64.ActiveCfg = Debug|x64
		{4FA3FF05-D487-4617-808D-23163436620D}.Debug|x64.Build.0 = Debug|x64
		{4FA3FF05-D487-4617-808D-23163436620D}.Debug|x86.ActiveCfg = Debug|Win32
		{4FA3FF05-D487-4617-808D-23163436620D}.Debug|x86.Build.0 = Debug|Win32
		{4FA3FF05-D487-4617-808D-23163436620D}.Release|x64.ActiveCfg = Release|x64
		{4FA3FF05-D487-4617-808D-23163436620D}.Release|x64.Build.0 = Release|x64
		{4FA3FF05-D487-4617-808D-23163436620D}.Release|x86.ActiveCfg = Release|Win32
		{4FA3FF05-D487-4617-808D-23163436620D}.Release|x86.Build.0 = Release|Win32
		{2B92C8CD-A7CD-43C1-AB64-E9943EF2A137}.Debug|x64.ActiveCfg = Debug|x64
		{2B92C8CD-A7CD-43C1-AB64-E9943EF2A137}.Debug|x64.Build.0 = Debug|x64
		{2B92C8CD-A7CD-43C1-AB64-E9943EF2A137}.Debug|x86.ActiveCfg = Debug|Win32
		{2B92C8CD-A7CD-43C1-AB64-E9943EF2A137}.Debug|x86.Build.0 = Debug|Win32
		{2B92C8CD-A7CD-43C1-AB64-E9943EF2A137}.Release|x64.ActiveCfg = Release|x64
		{2B92C8CD-A7CD-43C1-AB64-E9943EF2A137}.Release|x64.Build.0 = Release|x64
		{2B92C8CD-A7CD-43C1-AB64-E9943EF2A137}.Release|x86.ActiveCfg = Release|Win32
		{2B92C8CD-A7CD-43C1-AB64-E9943EF2A137}.Release|x86.Build.0 = Release|Win32
		{C75BD20F-4141-4866-9863-978EFEA74BC5}.Debug|x64.ActiveCfg = Debug|x64
		{C75BD20F-4141-4866-9863-978EFEA74BC5}.Debug|x64.Build.0 = Debug|x64
		{C75BD20F-4141-4866-9863-978EFEA74BC5}.Debug|x86.ActiveCfg = Debug|Win32
		{C75BD20F-4141-4866-9863-978EFEA74BC5}.Debug|x86.Build.0 = Debug|Win32
		{C75BD20F-4141-4866-9863-978EFEA74BC5}.Release|x64.ActiveCfg = Release|x64
		{C75BD20F-4141-4866-9863-978EFEA74BC5}.Release|x64.Build.0 = Release|x64
		{C75BD20F-4141-4866-9863-978EFEA74BC5}.Release|x86.ActiveCfg = Release|Win32
		{C75BD20F-4141-4866-9863-978EFEA74BC5}.Release|x86.Build.0 = Release|Win32
		{0C4920A0-CB38-426B-8471-E3FC36D8618D}.Debug|x64.ActiveCfg = Debug|x64
		{0C4920A0-CB38-426B-8471-E3FC36D8618D}.Debug|x64.Build.0 = Debug|x64
		{0C4920A0-CB38-426B-8471-E3FC36D8618D}.Debug|x86.ActiveCfg = Debug|Win32
		{0C4920A0-CB38-426B-8471-E3FC36D8618D}.Debug|x86.Build.0 = Debug|Win32
		{0C4920A0-CB38-426B-8471-E3FC36D8618D}.Release|x64.ActiveCfg = Release|x64
		{0C4920A0-CB38-426B-8471-E3FC36D8618D}.Release|x64.Build.0 = Release|x64
		{0C4920A0-CB38-426B-8471-E3FC36D8618D}.Release|x86.ActiveCfg = Release|Win32
		{0C4920A0-CB38-426B-8471-E3FC36D8618D}.Release|x86.Build.0 = Release|Win32
		{C6E446E9-6EC3-40F1-AF18-5EBD9F0FD3A5}.Debug|x64.ActiveCfg = Debug|x64
		{C6E446E9-6EC3-40F1-AF18-5EBD9F0FD3A5}.Debug|x64.Build.0 = Debug|x64
		{C6E446E9-6EC3-40F1-AF18-5EBD9F0FD3A5}.Debug|x86.ActiveCfg = Debug|Win32
		{C6E446E9-6EC3-40F1-AF18-5EBD9F0FD3A5}.Debug|x86.Build.0 = Debug|Win32
		{C6E446E9-6EC3-40F1-AF18-5EBD9F0FD3A5}.Release|x64.ActiveCfg = Release|x64
		{C6E446E9-6EC3-40F1-AF18-5EBD9F0FD3A5}.Release|x64.Build.0 = Release|x64
		{C6E446E9-6EC3-40F1-AF18-5EBD9F0FD3A5}.Release|x86.ActiveCfg = Release|Win32
		{C6E446E9-6EC3-40F1-AF18-5EBD9F0FD3A5}.Release|x86.Build.0 = Release|Win32
		{EF99F097-A258-49CD-910C-7B283D0660B7}.Debug|x64.ActiveCfg = Debug|x64
		{EF99F097-A258-49CD-910C-7B283D0660B7}.Debug|x64.Build.0 = Debug|x64
		{EF99F097-A258-49CD-910C-7B283D0660B7}.Debug|x86.ActiveCfg = Debug|Win32
		{EF99F097-A258-49CD-910C-7B283D0660B7}.Debug|x86.Build.0 = Debug|Win32
		{EF99F097-A258-49CD-910C-7B283D0660B7}.Release|x64.ActiveCfg = Release|x64
		{EF99F097-A258-49CD-910C-7B283D0660B7}.Release|x64.Build.0 = Release|x64
		{EF99F097-A258-49CD-910C-7B283D0660B7}.Release|x86.ActiveCfg = Release|Win32
		{EF99F097-A258-49CD-910C-7B283D0660B7}.Release|x86.Build.0 = Release|Win32
		{472B49EE-5D8F-484F-96E8-1B7DE0D02E52}.Debug|x64.ActiveCfg = Debug|x64
		{472B49EE-5D8F-484F-96E8-1B7DE0D02E52}.Debug|x64.Build.0 = Debug|x64
		{472B49EE-5D8F-484F-96E8-1B7DE0D02E52}.Debug|x86.ActiveCfg = Debug|Win32
		{472B49EE-5D8F-484F-96E8-1B7DE0D02E52}.Debug|x86.Build.0 = Debug|Win32
		{472B49EE-5D8F-484F-96E8-1B7DE0D02E52}.Release|x64.ActiveCfg = Release|x64
		{472B49EE-5D8F-484F-96E8-1B7DE0D02E52}.Release|x64.Build.0 = Release|x64
		{472B49EE-5D8F-484F-96E8-1B7DE0D02E52}.Release|x86.ActiveCfg = Release|Win32
		{472B49EE-5D8F-484F-96E8-1B7DE0D02E52}.Release|x86.Build.0 = Release|Win32
		{8B88B5D6-E0A4-4D0C-87D1-1D36C1DA0F99}.Debug|x64.ActiveCfg = Debug|x64
		{8B88B5D6-E0A4-4D0C-87D1-1D36C1DA0F99}.Debug|x64.Build.0 = Debug|x64
		{8B88B5D6-E0A4-4D0C-87D1-1D36C1DA0F99}.Debug|x86.ActiveCfg = Debug|Win32
		{8B88B5D6-E0A4-4D0C-87D1-1D36C1DA0F99}.Debug|x86.Build.0 = Debug|Win32
		{8B88B5D6-E0A4-4D0C-87D1-1D36C1DA0F99}.Release|x64.ActiveCfg = Release|x64
		{8B88B5D6-E0A4-4D0C-87D1-1D36C1DA0F99}.Release|x64.Build.0 = Release|x64
		{8B88B5D6-E0A4-4D0C-87D1-1D36C1DA0F99}.Release|x86.ActiveCfg = Release|Win32
		{8B88B5D6-E0A4-4D0C-87D1-1D36C1DA0F99}.Release|x86.Build.0 = Release|Win32
		{731D4D2D-2E95-4675-8786-CCCCB31650A7}.Debug|x64.ActiveCfg = Debug|x64
		{731D4D2D-2E95-4675-8786-CCCCB31650A7}.Debug|x64.Build.0 = Debug|x64
		{731D4D2D-2E95-4675-8786-CCCCB31650A7}.Debug|x86.ActiveCfg = Debug|Win32
		{731D4D2D-2E95-4675-8786-CCCCB31650A7}.Debug|x86.Build.0 = Debug|Win32
		{731D4D2D-2E95-4675-8786-CCCCB31650A7}.Release|x64.ActiveCfg = Release|x64
		{731D4D2D-2E95-4675-8786-CCCCB31650A7}.Release|x64.Build.0 = Release|x64
		{731D4D2D-2E95-4675-8786-CCCCB31650A7}.Release|x86.ActiveCfg = Release|Win32
		{731D4D2D-2E95-4675-8786-CCCCB31650A7}.Release|x86.Build.0 = Release|Win32
		{BAB581F0-9736-4782-B1C4-36ED2AA8D879}.Debug|x64.ActiveCfg = Debug|x64
		{BAB581F0-9736-4782-B1C4-36ED2AA8D879}.Debug|x64.Build.0 = Debug|x64
		{BAB581F0-9736-4782-B1C4-36ED2AA8D879}.Debug|x86.ActiveCfg = Debug|Win32
		{BAB581F0-9736-4782-B1C4-36ED2AA8D879}.Debug|x86.Build.0 = Debug|Win32
		{BAB581F0-9736-4782-B1C4-36ED2AA8D879}.Release|x64.ActiveCfg = Release|x64
		{BAB581F0-9736-4782-B1C4-36ED2AA8D879}.Release|x64.Build.0 = Release|x64
		{BAB581F0-9736-4782-B1C4-36ED2AA8D879}.Release|x86.ActiveCfg = Release|Win32
		{BAB581F0-9736-4782-B1C4-36ED2AA8D879}.Release|x86.Build.0 = Release|Win32
		{E1E7FA85-262C-44A0-8B0A-3C5E7C7B7DF1}.Debug|x64.ActiveCfg = Debug|x64
		{E1E7FA85-262C-44A0-8B0A-3C5E7C7B7DF1}.Debug|x64.Build.0 = Debug|x64
		{E1E7FA85-262C-44A0-8B0A-3C5E7C7B7DF1}.Debug|x86.ActiveCfg = Debug|Win32
		{E1E7FA85-262C-44A0-8B0A-3C5E7C7B7DF1}.Debug|x86.Build.0 = Debug|Win32
		{E1E7FA85-262C-44A0-8B0A-3C5E7C7B7DF1}.Release|x64.ActiveCfg = Release|x64
		{E1E7FA85-262C-44A0-8B0A-3C5E7C7B7DF1}.Release|x64.Build.0 = Release|x64
		{E1E7FA85-262C-44A0-8B0A-3C5E7C7B7DF1}.Release|x86.ActiveCfg = Release|Win32
		{E1E7FA85-262C-44A0-8B0A-3C5E7C7B7DF1}.Release|x86.Build.0 = Release|Win32
		{E8A32C69-515B-4093-A684-CDAA8E51D0E8}.Debug|x64.ActiveCfg = Debug|x64
		{E8A32C69-515B-4093-A684-CDAA8E51D0E8}.Debug|x64.Build.0 = Debug|x64
		{E8A32C69-515B-4093-A684-CDAA8E51D0E8}.Debug|x86.ActiveCfg = Debug|Win32
		{E8A32C69-515B-4093-A684-CDAA8E51D0E8}.Debug|x86.Build.0 = Debug|Win32
		{E8A32C69-515B-4093-A684-CDAA8E51D0E8}.Release|x64.ActiveCfg = Release|x64
		{E8A32C69-515B-4093-A684-CDAA8E51D0E8}.Release|x64.Build.0 = Release|x64
		{E8A32C69-515B-4093-A684-CDAA8E51D0E8}.Release|x86.ActiveCfg = Release|Win32
		{E8A32C69-515B-4093-A684-CDAA8E51D0E8}.Release|x86.Build.0 = Release|Win32
		{68643712-C49A-4E9D-A383-60B8D68F45E0}.Debug|x64.ActiveCfg = Debug|x64
		{68643712-C49A-4E9D-A383-60B8D68F45E0}.Debug|x64.Build.0 = Debug|x64
		{68643712-C49A-4E9D-A383-60B8D68F45E0}.Debug|x86.ActiveCfg = Debug|Win32
		{68643712-C49A-4E9D-A383-60B8D68F45E0}.Debug|x86.Build.0 = Debug|Win32
		{68643712-C49A-4E9D-A383-60B8D68F45E0}.Release|x64.ActiveCfg = Release|x64
		{68643712-C49A-4E9D-A383-60B8D68F45E0}.Release|x64.Build.0 = Release|x64
		{68643712-C49A-4E9D-A383-60B8D68F45E0}.Release|x86.ActiveCfg = Release|Win32
		{68643712-C49A-4E9D-A383-60B8D68F45E0}.Release|x86.Build.0 = Release|Win32
		{7D13A825-01A3-4B57-9021-A1888B41F9CA}.Debug|x64.ActiveCfg = Debug|x64
		{7D13A825-01A3-4B57-9021-A1888B41F9CA}.Debug|x64.Build.0 = Debug|x64
		{7D13A825-01A3-4B57-9021-A1888B41F9CA}.Debug|x86.ActiveCfg = Debug|Win32
		{7D13A825-01A3-4B57-9021-A1888B41F9CA}.Debug|x86.Build.0 = Debug|Win32
		{7D13A825-01A3-4B57-9021-A1888B41F9CA}.Release|x64.ActiveCfg = Release|x64
		{7D13A825-01A3-4B57-9021-A1888B41F9CA}.Release|x64.Build.0 = Release|x64
		{7D13A825-01A3-4B57-9021-A1888B41F9CA}.Release|x86.ActiveCfg = Release|Win32
		{7D13A825-01A3-4B57-9021-A1888B41F9CA}.Release|x86.Build.0 = Release|Win32
		{4AF59F4E-193F-43D0-8FC5-F2BCEEE89566}.Debug|x64.ActiveCfg = Debug|x64
		{4AF59F4E-193F-43D0-8FC5-F2BCEEE89566}.Debug|x64.Build.0 = Debug|x64
		{4AF59F4E-193F-43D0-8FC5-F2BCEEE89566}.Debug|x86.ActiveCfg = Debug|Win32
		{4AF59F4E-193F-43D0-8FC5-F2BCEEE89566}.Debug|x86.Build.0 = Debug|Win32
		{4AF59F4E-193F-43D0-8FC5-F2BCEEE89566}.Release|x64.ActiveCfg = Release|x64
		{4AF59F4E-193F-43D0-8FC5-F2BCEEE89566}.Release|x64.Build.0 = Release|x64
		{4AF59F4E-193F-43D0-8FC5-F2BCEEE89566}.Release|x86.ActiveCfg = Release|Win32
		{4AF59F4E-193F-43D0-8FC5-F2BCEEE89566}.Release|x86.Build.0 = Release|Win32
		{CD95B696-7E7F-4BD4-853B-712274411A97}.Debug|x64.ActiveCfg = Debug|x64
		{CD95B696-7E7F-4BD4-853B-712274411A97}.Debug|x64.Build.0 = Debug|x64
		{CD95B696-7E7F-4BD4-853B-712274411A97}.Debug|x86.ActiveCfg = Debug|Win32
		{CD95B696-7E7F-4BD4-853B-712274411A97}.Debug|x86.Build.0 = Debug|Win32
		{CD95B696-7E7F-4BD4-853B-712274411A97}.Release|x64.ActiveCfg = Release|x64
		{CD95B696-7E7F-4BD4-853B-712274411A97}.Release|x64.Build.0 = Release|x64
		{CD95B696-7E7F-4BD4-853B-712274411A97}.Release|x86.ActiveCfg = Release|Win32
		{CD95B696-7E7F-4BD4-853B-712274411A97}.Release|x86.Build.0 = Release|Win32
		{95B03B5A-69D8-4A1C-8848-1B84E9BAA74A}.Debug|x64.ActiveCfg = Debug|x64
		{95B03B5A-69D8-4A1C-8848-1B84E9BAA74A}.Debug|x64.Build.0 = Debug|x64
		{95B03B5A-69D8-4A1C-8848-1B84E9BAA74A}.Debug|x86.ActiveCfg = Debug|Win32
		{95B03B5A-69D8-4A1C-8848-1B84E9BAA74A}.Debug|x86.Build.0 = Debug|Win32
		{95B03B5A-69D8-4A1C-8848-1B84E9BAA74A}.Release|x64.ActiveCfg = Release|x64
		{95B03B5A-69D8-4A1C-8848-1B84E9BAA74A}.Release|x64.Build.0 = Release|x64
		{95B03B5A-69D8-4A1C-8848-1B84E9BAA74A}.Release|x86.ActiveCfg = Release|Win32
		{95B03B5A-69D8-4A1C-8848-1B84E9BAA74A}.Release|x86.Build.0 = Release|Win32
		{A499AF1B-236F-4278-ABF4-29B2AC855C68}.Debug|x64.ActiveCfg = Debug|x64
		{A499AF1B-236F-4278-ABF4-29B2AC855C68}.Debug|x64.Build.0 = Debug|x64
		{A499AF1B-236F-4278-ABF4-29B2AC855C68}.Debug|x86.ActiveCfg = Debug|Win32
		{A499AF1B-236F-4278-ABF4-29B2AC855C68}.Debug|x86.Build.0 = Debug|Win32
		{A499AF1B-236F-4278-ABF4-29B2AC855C68}.Release|x64.ActiveCfg = Release|x64
		{A499AF1B-236F-4278-ABF4-29B2AC855C68}.Release|x64.Build.0 = Release|x64
		{A499AF1B-236F-4278-ABF4-29B2AC855C68}.Release|x86.ActiveCfg = Release|Win32
		{A499AF1B-236F-4278-ABF4-29B2AC855C68}.Release|x86.Build.0 = Release|Win32
		{D4E47162-9BCC-49AD-9DD7-1CF4B2148F00}.Debug|x64.ActiveCfg = Debug|x64
		{D4E47162-9BCC-49AD-9DD7-1CF4B2148F00}.Debug|x64.Build.0 = Debug|x64
		{D4E47162-9BCC-49AD-9DD7-1CF4B2148F00}.Debug|x86.ActiveCfg = Debug|Win32
		{D4E47162-9BCC-49AD-9DD7-1CF4B2148F00}.Debug|x86.Build.0 = Debug|Win32
		{D4E47162-9BCC-49AD-9DD7-1CF4B2148F00}.Release|x64.ActiveCfg = Release|x64
		{D4E47162-9BCC-49AD-9DD7-1CF4B2148F00}.Release|x64.Build.0 = Release|x64
		{D4E47162-9BCC-49AD-9DD7-1CF4B2148F00}.Release|x86.ActiveCfg = Release|Win32
		{D4E47162-9BCC-49AD-9DD7-1CF4B2148F00}.Release|x86.Build.0 = Release|Win32
		{49192EEA-1620-4114-8A80-2F2172FCB9CD}.Debug|x64.ActiveCfg = Debug|x64
		{49192EEA-1620-4114-8A80-2F2172FCB9CD}.Debug|x64.Build.0 = Debug|x64
		{49192EEA-1620-4114-8A80-2F2172FCB9CD}.Debug|x86.ActiveCfg = Debug|Win32
		{49192EEA-1620-4114-8A80-2F2172FCB9CD}.Debug|x86.Build.0 = Debug|Win32
		{49192EEA-1620-4114-8A80-2F2172FCB9CD}.Release|x64.ActiveCfg = Release|x64
		{49192EEA-1620-4114-8A80-2F2172FCB9CD}.Release|x64.Build.0 = Release|x64
		{49192EEA-1620-4114-8A80-2F2172FCB9CD}.Release|x86.ActiveCfg = Release|Win32
		{49192EEA-1620-4114-8A80-2F2172FCB9CD}.Release|x86.Build.0 = Release|Win32
		{58BB300E-FF8D-4C66-983A-628E404DED0A}.Debug|x64.ActiveCfg = Debug|x64
		{58BB300E-FF8D-4C66-983A-628E404DED0A}.Debug|x64.Build.0 = Debug|x64
		{58BB300E-FF8D-4C66-983A-628E404DED0A}.Debug|x86.ActiveCfg = Debug|Win32
		{58BB300E-FF8D-4C66-983A-628E404DED0A}.Debug|x86.Build.0 = Debug|Win32
		{58BB300E-FF8D-4C66-983A-628E404DED0A}.Release|x64.ActiveCfg = Release|x64
		{58BB300E-FF8D-4C66-983A-628E404DED0A}.Release|x64.Build.0 = Release|x64
		{58BB300E-FF8D-4C66-983A-628E404DED0A}.Release|x86.ActiveCfg = Release|Win32
		{58BB300E-FF8D-4C66-983A-628E404DED0A}.Release|x86.Build.0 = Release|Win32
		{397D7D8F-EDFF-4535-95AD-67E970B6D5DD}.Debug|x64.ActiveCfg = Debug|x64
		{397D7D8F-EDFF-4535-95AD-67E970B6D5DD}.Debug|x64.Build.0 = Debug|x64
		{397D7D8F-EDFF-4535-95AD-67E970B6D5DD}.Debug|x86.ActiveCfg = Debug|Win32
		{397D7D8F-EDFF-4535-95AD-67E970B6D5DD}.Debug|x86.Build.0 = Debug|Win32
		{397D7D8F-EDFF-4535-95AD-67E970B6D5DD}.Release|x64.ActiveCfg = Release|x64
		{397D7D8F-EDFF-4535-95AD-67E970B6D5DD}.Release|x64.Build.0 = Release|x64
		{397D7D8F-EDFF-4535-95AD-67E970B6D5DD}.Release|x86.ActiveCfg = Release|Win32
		{397D7D8F-EDFF-4535-95AD-67E970B6D5DD}.Release|x86.Build.0 = Release|Win32
		{703E6D52-29A0-4133-A8F0-2235D9ED85F3}.Debug|x64.ActiveCfg = Debug|x64
		{703E6D52-29A0-4133-A8F0-2235D9ED85F3}.Debug|x64.Build.0 = Debug|x64
		{703E6D52-29A0-4133-A8F0-2235D9ED85F3}.Debug|x86.ActiveCfg = Debug|Win32
		{703E6D52-29A0-4133-A8F0-2235D9ED85F3}.Debug|x86.Build.0 = Debug|Win32
		{703E6D52-29A0-4133-A8F0-2235D9ED85F3}.Release|x64.ActiveCfg = Release|x64
		{703E6D52-29A0-4133-A8F0-2235D9ED85F3}.Release|x64.Build.0 = Release|x64
		{703E6D52-29A0-4133-A8F0-2235D9ED85F3}.Release|x86.ActiveCfg = Release|Win32
		{703E6D52-29A0-4133-A8F0-2235D9ED85F3}.Release|x86.Build.0 = Release|Win32
		{A349A3AB-A31B-418B-AFE9-1BC831ACD3BB}.Debug|x64.ActiveCfg = Debug|x64
		{A349A3AB-A31B-418B-AFE9-1BC831ACD3BB}.Debug|x64.Build.0 = Debug|x64
		{A349A3AB-A31B-418B-AFE9-1BC831ACD3BB}.Debug|x86.ActiveCfg = Debug|Win32
		{A349A3AB-A31B-418B-AFE9-1BC831ACD3BB}.Debug|x86.Build.0 = Debug|Win32
		{A349A3AB-A31B-418B-AFE9-1BC831ACD3BB}.Release|x64.ActiveCfg = Release|x64
		{A349A3AB-A31B-418B-AFE9-1BC831ACD3BB}.Release|x64.Build.0 = Release|x64
		{A349A3AB-A31B-418B-AFE9-1BC831ACD3BB}.Release|x86.ActiveCfg = Release|Win32
		{A349A3AB-A31B-418B-AFE9-1BC831ACD3BB}.Release|x86.Build.0 = Release|Win32
		{721EA512-4604-49C3-8CE1-4C4B79025A5A}.Debug|x64.ActiveCfg = Debug|x64
		{721EA512-4604-49C3-8CE1-4C4B79025A5A}.Debug|x64.Build.0 = Debug|x64
		{721EA512-4604-49C3-8CE1-4C4B79025A5A}.Debug|x86.ActiveCfg = Debug|Win32
		{721EA512-4604-49C3-8CE1-4C4B79025A5A}.Debug|x86.Build.0 = Debug|Win32
		{721EA512-4604-49C3-8CE1-4C4B79025A5A}.Release|x64.ActiveCfg = Release|x64
		{721EA512-4604-49C3-8CE1-4C4B79025A5A}.Release|x64.Build.0 = Release|x64
		{721EA512-4604-49C3-8CE1-4C4B79025A5A}.Release|x86.ActiveCfg = Release|Win32
		{721EA512-4604-49C3-8CE1-4C4B79025A5A}.Release|x86.Build.0 = Release|Win32
		{C36A27E9-13D0-498F-B676-65CBB9AB19D5}.Debug|x64.ActiveCfg = Debug|x64
		{C36A27E9-13D0-498F-B676-65CBB9AB19D5}.Debug|x64.Build.0 = Debug|x64
		{C36A27E9-13D0-498F-B676-65CBB9AB19D5}.Debug|x86.ActiveCfg = Debug|Win32
		{C36A27E9-13D0-498F-B676-65CBB9AB19D5}.Debug|x86.Build.0 = Debug|Win32
		{C36A27E9-13D0-498F-B676-65CBB9AB19D5}.Release|x64.ActiveCfg = Release|x64
		{C36A27E9-13D0-498F-B676-65CBB9AB19D5}.Release|x64.Build.0 = Release|x64
		{C36A27E9-13D0-498F-B676-65CBB9AB19D5}.Release|x86.ActiveCfg = Release|Win32
		{C36A27E9-13D0-498F-B676-65CBB9AB19D5}.Release|x86.Build.0 = Release|Win32
		{AB1BAF9E-E050-400C-9015-25C8E23E3947}.Debug|x64.ActiveCfg = Debug|x64
		{AB1BAF9E-E050-400C-9015-25C8E23E3947}.Debug|x64.Build.0 = Debug|x64
		{AB1BAF9E-E050-400C-9015-25C8E23E3947}.Debug|x86.ActiveCfg = Debug|Win32
		{AB1BAF9E-E050-400C-9015-25C8E23E3947}.Debug|x86.Build.0 = Debug|Win32
		{AB1BAF9E-E050-400C-9015-25C8E23E3947}.Release|x64.ActiveCfg = Release|x64
		{AB1BAF9E-E050-400C-9015-25C8E23E3947}.Release|x64.Build.0 = Release|x64
		{AB1BAF9E-E050-400C-9015-25C8E23E3947}.Release|x86.ActiveCfg = Release|Win32
		{AB1BAF9E-E050-400C-9015-25C8E23E3947}.Release|x86.Build.0 = Release|Win32
		{E3FEB3CB-6A30-4221-9520-1138A31E6043}.Debug|x64.ActiveCfg = Debug|x64
		{E3FEB3CB-6A30-4221-9520-1138A31E6043}.Debug|x64.Build.0 = Debug|x64
		{E3FEB3CB-6A30-4221-9520-1138A31E6043}.Debug|x86.ActiveCfg = Debug|Win32
		{E3FEB3CB-6A30-4221-9520-1138A31E6043}.Debug|x86.Build.0 = Debug|Win32
		{E3FEB3CB-6A30-4221-9520-1138A31E6043}.Release|x64.ActiveCfg = Release|x64
		{E3FEB3CB-6A30-4221-9520-1138A31E6043}.Release|x64.Build.0 = Release|x64
		{E3FEB3CB-6A30-4221-9520-1138A31E6043}.Release|x86.ActiveCfg = Release|Win32
		{E3FEB3CB-6A30-4221-9520-1138A31E6043}.Release|x86.Build.0 = Release|Win32
		{DAFC3222-0866-45C5-9675-F257F8588C03}.Debug|x64.ActiveCfg = Debug|x64
		{DAFC3222-0866-45C5-9675-F257F8588C03}.Debug|x64.Build.0 = Debug|x64
		{DAFC3222-0866-45C5-9675-F257F8588C03}.Debug|x86.ActiveCfg = Debug|Win32
		{DAFC3222-0866-45C5-9675-F257F8588C03}.Debug|x86.Build.0 = Debug|Win32
		{DAFC3222-0866-45C5-9675-F257F8588C03}.Release|x64.ActiveCfg = Release|x64
		{DAFC3222-0866-45C5-9675-F257F8588C03}.Release|x64.Build.0 = Release|x64
		{DAFC3222-0866-45C5-9675-F257F8588C03}.Release|x86.ActiveCfg = Release|Win32
		{DAFC3222-0866-45C5-9675-F257F8588C03}.Release|x86.Build.0 = Release|Win32
		{CF2830C8-84E0-4965-A40C-D06323E99B9B}.Debug|x64.ActiveCfg = Debug|x64
		{CF2830C8-84E0-4965-A40C-D06323E99B9B}.Debug|x64.Build.0 = Debug|x64
		{CF2830C8-84E0-4965-A40C-D06323E99B9B}.Debug|x86.ActiveCfg = Debug|Win32
		{CF2830C8-84E0-4965-A40C-D06323E99B9B}.Debug|x86.Build.0 = Debug|Win32
		{CF2830C8-84E0-4965-A40C-D06323E99B9B}.Release|x64.ActiveCfg = Release|x64
		{CF2830C8-84E0-4965-A40C-D06323E99B9B}.Release|x64.Build.0 = Release|x64
		{CF2830C8-84E0-4965-A40C-D06323E99B9B}.Release|x86.ActiveCfg = Release|Win32
		{CF2830C8-84E0-4965-A40C-D06323E99B9B}.Release|x86.Build.0 = Release|Win32
		{AA718364-E2F6-42AB-AB87-4486E3035685}.Debug|x64.ActiveCfg = Debug|x64
		{AA718364-E2F6-42AB-AB87-4486E3035685}.Debug|x64.Build.0 = Debug|x64
		{AA718364-E2F6-42AB-AB87-4486E3035685}.Debug|x86.ActiveCfg = Debug|Win32
		{AA718364-E2F6-42AB-AB87-4486E3035685}.Debug|x86.Build.0 = Debug|Win32
		{AA718364-E2F6-42AB-AB87-4486E3035685}.Release|x64.ActiveCfg = Release|x64
		{AA718364-E2F6-42AB-AB87-4486E3035685}.Release|x64.Build.0 = Release|x64
		{AA718364-E2F6-42AB-AB87-4486E3035685}.Release|x86.ActiveCfg = Release|Win32
		{AA718364-E2F6-42AB-AB87-4486E3035685}.Release|x86.Build.0 = Release|Win32
		{0FC5E842-808C-4D85-8233-5F9A37F578AB}.Debug|x64.ActiveCfg = Debug|x64
		{0FC5E842-808C-4D85-8233-5F9A37F578AB}.Debug|x64.Build.0 = Debug|x64
		{0FC5E842-808C-4D85-8233-5F9A37F578AB}.Debug|x86.ActiveCfg = Debug|Win32
		{0FC5E842-808C-4D85-8233-5F9A37F578AB}.Debug|x86.Build.0 = Debug|Win32
		{0FC5E842-808C-4D85-8233-5F9A37F578AB}.Release|x64.ActiveCfg = Release|x64
		{0FC5E842-808C-4D85-8233-5F9A37F578AB}.Release|x64.Build.0 = Release|x64
		{0FC5E842-808C-4D85-8233-5F9A37F578AB}.Release|x86.ActiveCfg = Release|Win32
		{0FC5E842-808C-4D85-8233-5F9A37F578AB}.Release|x86.Build.0 = Release|Win32
		{837AC790-CEF0-4D4B-960C-5E485AF88D3F}.Debug|x64.ActiveCfg = Debug|x64
		{837AC790-CEF0-4D4B-960C-5E485AF88D3F}.Debug|x64.Build.0 = Debug|x64
		{837AC790-CEF0-4D4B-960C-5E485AF88D3F}.Debug|x86.ActiveCfg = Debug|Win32
		{837AC790-CEF0-4D4B-960C-5E485AF88D3F}.Debug|x86.Build.0 = Debug|Win32
		{837AC790-CEF0-4D4B-960C-5E485AF88D3F}.Release|x64.ActiveCfg = Release|x64
		{837AC790-CEF0-4D4B-960C-5E485AF88D3F}.Release|x64.Build.0 = Release|x64
		{837AC790-CEF0-4D4B-960C-5E485AF88D3F}.Release|x86.ActiveCfg = Release|Win32
		{837AC790-CEF0-4D4B-960C-5E485AF88D3F}.Release|x86.Build.0 = Release|Win32
		{CCEE06C5-0039-49FA-88CE-4F2A982CCCE3}.Debug|x64.ActiveCfg = Debug|x64
		{CCEE06C5-0039-49FA-88CE-4F2A982CCCE3}.Debug|x64.Build.0 = Debug|x64
		{CCEE06C5-0039-49FA-88CE-4F2A982CCCE3}.Debug|x86.ActiveCfg = Debug|Win32
		{CCEE06C5-0039-49FA-88CE-4F2A982CCCE3}.Debug|x86.Build.0 = Debug|Win32
		{CCEE06C5-0039-49FA-88CE-4F2A982CCCE3}.Release|x64.ActiveCfg = Release|x64
		{CCEE06C5-0039-49FA-88CE-4F2A982CCCE3}.Release|x64.Build.0 = Release|x64
		{CCEE06C5-0039-49FA-88CE-4F2A982CCCE3}.Release|x86.ActiveCfg = Release|Win32
		{CCEE06C5-0039-49FA-88CE-4F2A982CCCE3}.Release|x86.Build.0 = Release|Win32
		{5854707C-5B42-4A3E-80F7-307F91A8CE90}.Debug|x64.ActiveCfg = Debug|x64
		{5854707C-5B42-4A3E-80F7-307F91A8CE90}.Debug|x64.Build.0 = Debug|x64
		{5854707C-5B42-4A3E-80F7-307F91A8CE90}.Debug|x86.ActiveCfg = Debug|Win32
		{5854707C-5B42-4A3E-80F7-307F91A8CE90}.Debug|x86.Build.0 = Debug|Win32
		{5854707C-5B42-4A3E-80F7-307F91A8CE90}.Release|x64.ActiveCfg = Release|x64
		{5854707C-5B42-4A3E-80F7-307F91A8CE90}.Release|x64.Build.0 = Release|x64
		{5854707C-5B42-4A3E-80F7-307F91A8CE90}.Release|x86.ActiveCfg = Release|Win32
		{5854707C-5B42-4A3E-80F7-307F91A8CE90}.Release|x86.Build.0 = Release|Win32
		{100A73EB-F22F-4025-9CD8-1901DE0DAB7E}.Debug|x64.ActiveCfg = Debug|x64
		{100A73EB-F22F-4025-9CD8-1901DE0DAB7E}.Debug|x64.Build.0 = Debug|x64
		{100A73EB-F22F-4025-9CD8-1901DE0DAB7E}.Debug|x86.ActiveCfg = Debug|Win32
		{100A73EB-F22F-4025-9CD8-1901DE0DAB7E}.Debug|x86.Build.0 = Debug|Win32
		{100A73EB-F22F-4025-9CD8-1901DE0DAB7E}.Release|x64.ActiveCfg = Release|x64
		{100A73EB-F22F-4025-9CD8-1901DE0DAB7E}.Release|x64.Build.0 = Release|x64
		{100A73EB-F22F-4025-9CD8-1901DE0DAB7E}.Release|x86.ActiveCfg = Release|Win32
		{100A73EB-F22F-4025-9CD8-1901DE0DAB7E}.Release|x86.Build.0 = Release|Win32
		{C37A1FE2-5384-458A-8E84-F5D46E0DC720}.Debug|x64.ActiveCfg = Debug|x64
		{C37A1FE2-5384-458A-8E84-F5D46E0DC720}.Debug|x64.Build.0 = Debug|x64
		{C37A1FE2-5384-458A-8E84-F5D46E0DC720}.Debug|x86.ActiveCfg = Debug|Win32
		{C37A1FE2-5384-458A-8E84-F5D46E0DC720}.Debug|x86.Build.0 = Debug|Win32
		{C37A1FE2-5384-458A-8E84-F5D46E0DC720}.Release|x64.ActiveCfg = Release|x64
		{C37A1FE2-5384-458A-8E84-F5D46E0DC720}.Release|x64.Build.0 = Release|x64
		{C37A1FE2-5384-458A-8E84-F5D46E0DC720}.Release|x86.ActiveCfg = Release|Win32
		{C37A1FE2-5384-458A-8E84-F5D46E0DC720}.Release|x86.Build.0 = Release|Win32
		{0320BBF7-684C-4A35-9DED-BB518F4BC481}.Debug|x64.ActiveCfg = Debug|x64
		{0320BBF7-684C-4A35-9DED-BB518F4BC481}.Debug|x64.Build.0 = Debug|x64
		{0320BBF7-684C-4A35-9DED-BB518F4BC481}.Debug|x86.ActiveCfg = Debug|Win32
		{0320BBF7-684C-4A35-9DED-BB518F4BC481}.Debug|x86.Build.0 = Debug|Win32
		{0320BBF7-684C-4A35-9DED-BB518F4BC481}.Release|x64.ActiveCfg = Release|x64
		{0320BBF7-684C-4A35-9DED-BB518F4BC481}.Release|x64.Build.0 = Release|x64
		{0320BBF7-684C-4A35-9DED-BB518F4BC481}.Release|x86.ActiveCfg = Release|Win32
		{0320BBF7-684C-4A35-9DED-BB518F4BC481}.Release|x86.Build.0 = Release|Win32
		{C2F1CA44-02E5-45B2-9EB0-B99F9D9991A8}.Debug|x64.ActiveCfg = Debug|x64
		{C2F1CA44-02E5-45B2-9EB0-B99F9D9991A8}.Debug|x64.Build.0 = Debug|x64
		{C2F1CA44-02E5-45B2-9EB0-B99F9D9991A8}.Debug|x86.ActiveCfg = Debug|Win32
		{C2F1CA44-02E5-45B2-9EB0-B99F9D9991A8}.Debug|x86.Build.0 = Debug|Win32
		{C2F1CA44-02E5-45B2-9EB0-B99F9D9991A8}.Release|x64.ActiveCfg = Release|x64
		{C2F1CA44-02E5-45B2-9EB0-B99F9D9991A8}.Release|x64.Build.0 = Release|x64
		{C2F1CA44-02E5-45B2-9EB0-B99F9D9991A8}.Release|x86.ActiveCfg = Release|Win32
		{C2F1CA44-02E5-45B2-9EB0-B99F9D9991A8}.Release|x86.Build.0 = Release|Win32
		{A635200F-AA1B-45AF-9C66-019C47886275}.Debug|x64.ActiveCfg = Debug|x64
		{A635200F-AA1B-45AF-9C66-019C47886275}.Debug|x64.Build.0 = Debug|x64
		{A635200F-AA1B-45AF-9C66-019C47886275}.Debug|x86.ActiveCfg = Debug|Win32
		{A635200F-AA1B-45AF-9C66-019C47886275}.Debug|x86.Build.0 = Debug|Win32
		{A635200F-AA1B-45AF-9C66-019C47886275}.Release|x64.ActiveCfg = Release|x64
		{A635200F-AA1B-45AF-9C66-019C47886275}.Release|x64.Build.0 = Release|x64
		{A635200F-AA1B-45AF-9C66-019C47886275}.Release|x86.ActiveCfg = Release|Win32
		{A635200F-AA1B-45AF-9C66-019C47886275}.Release|x86.Build.0 = Release|Win32
		{9B1819A9-092D-4CC3-A1E1-6DC84F40F2B2}.Debug|x64.ActiveCfg = Debug|x64
		{9B1819A9-092D-4CC3-A1E1-6DC84F40F2B2}.Debug|x64.Build.0 = Debug|x64
		{9B1819A9-092D-4CC3-A1E1-6DC84F40F2B2}.Debug|x86.ActiveCfg = Debug|Win32
		{9B1819A9-092D-4CC3-A1E1-6DC84F40F2B2}.Debug|x86.Build.0 = Debug|Win32
		{9B1819A9-092D-4CC3-A1E1-6DC84F40F2B2}.Release|x64.ActiveCfg = Release|x64
		{9B1819A9-092D-4CC3-A1E1-6DC84F40F2B2}.Release|x64.Build.0 = Release|x64
		{9B1819A9-092D-4CC3-A1E1-6DC84F40F2B2}.Release|x86.ActiveCfg = Release|Win32
		{9B1819A9-092D-4CC3-A1E1-6DC84F40F2B2}.Release|x86.Build.0 = Release|Win32
		{BCAFDE06-39BD-454D-B6CE-C8BFA0335024}.Debug|x64.ActiveCfg = Debug|x64
		{BCAFDE06-39BD-454D-B6CE-C8BFA0335024}.Debug|x64.Build.0 = Debug|x64
		{BCAFDE06-39BD-454D-B6CE-C8BFA0335024}.Debug|x86.ActiveCfg = Debug|Win32
		{BCAFDE06-39BD-454D-B6CE-C8BFA0335024}.Debug|x86.Build.0 = Debug|Win32
		{BCAFDE06-39BD-454D-B6CE-C8BFA0335024}.Release|x64.ActiveCfg = Release|x64
		{BCAFDE06-39BD-454D-B6CE-C8BFA0335024}.Release|x64.Build.0 = Release|x64
		{BCAFDE06-39BD-454D-B6CE-C8BFA0335024}.Release|x86.ActiveCfg = Release|Win32
		{BCAFDE06-39BD-454D-B6CE-C8BFA0335024}.Release|x86.Build.0 = Release|Win32
		{7D059BDA-DDD9-43B6-BA60-5D5A068162A8}.Debug|x64.ActiveCfg = Debug|x64
		{7D059BDA-DDD9-43B6-BA60-5D5A068162A8}.Debug|x64.Build.0 = Debug|x64
		{7D059BDA-DDD9-43B6-BA60-5D5A068162A8}.Debug|x86.ActiveCfg = Debug|Win32
		{7D059BDA-DDD9-43B6-BA60-5D5A068162A8}.Debug|x86.Build.0 = Debug|Win32
		{7D059BDA-DDD9-43B6-BA60-5D5A068162A8}.Release|x64.ActiveCfg = Release|x64
		{7D059BDA-DDD9-43B6-BA60-5D5A068162A8}.Release|x64.Build.0 = Release|x64
		{7D059BDA-DDD9-43B6-BA60-5D5A068162A8}.Release|x86.ActiveCfg = Release|Win32
		{7D059BDA-DDD9-43B6-BA60-5D5A068162A8}.Release|x86.Build.0 = Release|Win32
		{85AD98AD-01EB-40CD-871D-F8943B01A5D2}.Debug|x64.ActiveCfg = Debug|x64
		{85AD98AD-01EB-40CD-871D-F8943B01A5D2}.Debug|x64.Build.0 = Debug|x64
		{85AD98AD-01EB-40CD-871D-F8943B01A5D2}.Debug|x86.ActiveCfg = Debug|Win32
		{85AD98AD-01EB-40CD-871D-F8943B01A5D2}.Debug|x86.Build.0 = Debug|Win32
		{85AD98AD-01EB-40CD-871D-F8943B01A5D2}.Release|x64.ActiveCfg = Release|x64
		{85AD98AD-01EB-40CD-871D-F8943B01A5D2}.Release|x64.Build.0 = Release|x64
		{85AD98AD-01EB-40CD-871D-F8943B01A5D2}.Release|x86.ActiveCfg = Release|Win32
		{85AD98AD-01EB-40CD-871D-F8943B01A5D2}.Release|x86.Build.0 = Release|Win32
		{0E2040DC-A452-40E4-97F5-FDB806A75838}.Debug|x64.ActiveCfg = Debug|x64
		{0E2040DC-A452-40E4-97F5-FDB806A75838}.Debug|x64.Build.0 = Debug|x64
		{0E2040DC-A452-40E4-97F5-FDB806A75838}.Debug|x86.ActiveCfg = Debug|Win32
		{0E2040DC-A452-40E4-97F5-FDB806A75838}.Debug|x86.Build.0 = Debug|Win32
		{0E2040DC-A452-40E4-97F5-FDB806A75838}.Release|x64.ActiveCfg = Release|x64
		{0E2040DC-A452-40E4-97F5-FDB806A75838}.Release|x64.Build.0 = Release|x64
		{0E2040DC-A452-40E4-97F5-FDB806A75838}.Release|x86.ActiveCfg = Release|Win32
		{0E2040DC-A452-40E4-97F5-FDB806A75838}.Release|x86.Build.0 = Release|Win32
		{1DE6E31D-A87E-43FC-871E-D76CF10E9EA3}.Debug|x64.ActiveCfg = Debug|x64
		{1DE6E31D-A87E-43FC-871E-D76CF10E9EA3}.Debug|x64.Build.0 = Debug|x64
		{1DE6E31D-A87E-43FC-871E-D76CF10E9EA3}.Debug|x86.ActiveCfg = Debug|Win32
		{1DE6E31D-A87E-43FC-871E-D76CF10E9EA3}.Debug|x86.Build.0 = Debug|Win32
		{1DE6E31D-A87E-43FC-871E-D76CF10E9EA3}.Release|x64.ActiveCfg = Release|x64
		{1DE6E31D-A87E-43FC-871E-D76CF10E9EA3}.Release|x64.Build.0 = Release|x64
		{1DE6E31D-A87E-43FC-871E-D76CF10E9EA3}.Release|x86.ActiveCfg = Release|Win32
		{1DE6E31D-A87E-43FC-871E-D76CF10E9EA3}.Release|x86.Build.0 = Release|Win32
		{A9F4EC38-740E-4F22-8DF9-1F502B5CE8C1}.Debug|x64.ActiveCfg = Debug|x64
		{A9F4EC38-740E-4F22-8DF9-1F502B5CE8C1}.Debug|x64.Build.0 = Debug|x64
		{A9F4EC38-740E-4F22-8DF9-1F502B5CE8C1}.Debug|x86.ActiveCfg = Debug|Win32
		{A9F4EC38-740E-4F22-8DF9-1F502B5CE8C1}.Debug|x86.Build.0 = Debug|Win32
		{A9F4EC38-740E-4F22-8DF9-1F502B5CE8C1}.Release|x64.ActiveCfg = Release|x64
		{A9F4EC38-740E-4F22-8DF9-1F502B5CE8C1}.Release|x64.Build.0 = Release|x64
		{A9F4EC38-740E-4F22-8DF9-1F502B5CE8C1}.Release|x86.ActiveCfg = Release|Win32
		{A9F4EC38-740E-4F22-8DF9-1F502B5CE8C1}.Release|x86.Build.0 = Release|Win32
		{B44F44A5-C870-43B4-91E3-696084F33547}.Debug|x64.ActiveCfg = Debug|x64
		{B44F44A5-C870-43B4-91E3-696084F33547}.Debug|x64.Build.0 = Debug|x64
		{B44F44A5-C870-43B4-91E3-696084F33547}.Debug|x86.ActiveCfg = Debug|Win32
		{B44F44A5-C870-43B4-91E3-696084F33547}.Debug|x86.Build.0 = Debug|Win32
		{B44F44A5-C870-43B4-91E3-696084F33547}.Release|x64.ActiveCfg = Release|x64
		{B44F44A5-C870-43B4-91E3-696084F33547}.Release|x64.Build.0 = Release|x64
		{B44F44A5-C870-43B4-91E3-696084F33547}.Release|x86.ActiveCfg = Release|Win32
		{B44F44A5-C870-43B4-91E3-696084F33547}.Release|x86.Build.0 = Release|Win32
		{3796E925-996C-4005-8F47-FC936B08BEFE}.Debug|x64.ActiveCfg = Debug|x64
		{3796E925-996C-4005-8F47-FC936B08BEFE}.Debug|x64.Build.0 = Debug|x64
		{3796E925-996C-4005-8F47-FC936B08BEFE}.Debug|x86.ActiveCfg = Debug|Win32
		{3796E925-996C-4005-8F47-FC936B08BEFE}.Debug|x86.Build.0 = Debug|Win32
		{3796E925-996C-4005-8F47-FC936B08BEFE}.Release|x64.ActiveCfg = Release|x64
		{3796E925-996C-4005-8F47-FC936B08BEFE}.Release|x64.Build.0 = Release|x64
		{3796E925-996C-4005-8F47-FC936B08BEFE}.Release|x86.ActiveCfg = Release|Win32
		{3796E925-996C-4005-8F47-FC936B08BEFE}.Release|x86.Build.0 = Release|Win32
		{749EB593-183E-481E-A9DF-15586F40FD7C}.Debug|x64.ActiveCfg = Debug|x64
		{749EB593-183E-481E-A9DF-15586F40FD7C}.Debug|x64.Build.0 = Debug|x64
		{749EB593-183E-481E-A9DF-15586F40FD7C}.Debug|x86.ActiveCfg = Debug|Win32
		{749EB593-183E-481E-A9DF-15586F40FD7C}.Debug|x86.Build.0 = Debug|Win32
		{749EB593-183E-481E-A9DF-15586F40FD7C}.Release|x64.ActiveCfg = Release|x64
		{749EB593-183E-481E-A9DF-15586F40FD7C}.Release|x64.Build.0 = Release|x64
		{749EB593-183E-481E-A9DF-15586F40FD7C}.Release|x86.ActiveCfg = Release|Win32
		{749EB593-183E-481E-A9DF-15586F40FD7C}.Release|x86.Build.0 = Release|Win32
		{C6556106-2433-488F-B265-C522AE07A0B5}.Debug|x64.ActiveCfg = Debug|x64
		{C6556106-2433-488F-B265-C522AE07A0B5}.Debug|x64.Build.0 = Debug|x64
		{C6556106-2433-488F-B265-C522AE07A0B5}.Debug|x86.ActiveCfg = Debug|Win32
		{C6556106-2433-488F-B265-C522AE07A0B5}.Debug|x86.Build.0 = Debug|Win32
		{C6556106-2433-488F-B265-C522AE07A0B5}.Release|x64.ActiveCfg = Release|x64
		{C6556106-2433-488F-B265-C522AE07A0B5}.Release|x64.Build.0 = Release|x64
		{C6556106-2433-488F-B265-C522AE07A0B5}.Release|x86.ActiveCfg = Release|Win32
		{C6556106-2433-488F-B265-C522AE07A0B5}.Release|x86.Build.0 = Release|Win32
		{77CA553E-E954-4014-887D-66CE7BD9A7B5}.Debug|x64.ActiveCfg = Debug|x64
		{77CA553E-E954-4014-887D-66CE7BD9A7B5}.Debug|x64.Build.0 = Debug|x64
		{77CA553E-E954-4014-887D-66CE7BD9A7B5}.Debug|x86.ActiveCfg = Debug|Win32
		{77CA553E-E954-4014-887D-66CE7BD9A7B5}.Debug|x86.Build.0 = Debug|Win32
		{77CA553E-E954-4014-887D-66CE7BD9A7B5}.Release|x64.ActiveCfg = Release|x64
		{77CA553E-E954-4014-887D-66CE7BD9A7B5}.Release|x64.Build.0 = Release|x64
		{77CA553E-E954-4014-887D-66CE7BD9A7B5}.Release|x86.ActiveCfg = Release|Win32
		{77CA553E-E954-4014-887D-66CE7BD9A7B5}.Release|x86.Build.0 = Release|Win32
		{F07991CE-065F-476A-B0BD-C3C48BC7427A}.Debug|x64.ActiveCfg = Debug|x64
		{F07991CE-065F-476A-B0BD-C3C48BC7427A}.Debug|x64.Build.0 = Debug|x64
		{F07991CE-065F-476A-B0BD-C3C48BC7427A}.Debug|x86.ActiveCfg = Debug|Win32
		{F07991CE-065F-476A-B0BD-C3C48BC7427A}.Debug|x86.Build.0 = Debug|Win32
		{F07991CE-065F-476A-B0BD-C3C48BC7427A}.Release|x64.ActiveCfg = Release|x64
		{F07991CE-065F-476A-B0BD-C3C48BC7427A}.Release|x64.Build.0 = Release|x64
		{F07991CE-065F-476A-B0BD-C3C48BC7427A}.Release|x86.ActiveCfg = Release|Win32
		{F07991CE-065F-476A-B0BD-C3C48BC7427A}.Release|x86.Build.0 = Release|Win32
		{4B4C6F4D-2CA7-489A-8FED-5BFE770FEDFD}.Debug|x64.ActiveCfg = Debug|x64
		{4B4C6F4D-2CA7-489A-8FED-5BFE770FEDFD}.Debug|x64.Build.0 = Debug|x64
		{4B4C6F4D-2CA7-489A-8FED-5BFE770FEDFD}.Debug|x86.ActiveCfg = Debug|Win32
		{4B4C6F4D-2CA7-489A-8FED-5BFE770FEDFD}.Debug|x86.Build.0 = Debug|Win32
		{4B4C6F4D-2CA7-489A-8FED-5BFE770FEDFD}.Release|x64.ActiveCfg = Release|x64
		{4B4C6F4D-2CA7-489A-8FED-5BFE770FEDFD}.Release|x64.Build.0 = Release|x64
		{4B4C6F4D-2CA7-489A-8FED-5BFE770FEDFD}.Release|x86.ActiveCfg = Release|Win32
		{4B4C6F4D-2CA7-489A-8FED-5BFE770FEDFD}.Release|x86.Build.0 = Release|Win32
		{ECD697FB-2C85-423D-B971-E480E6878FAB}.Debug|x64.ActiveCfg = Debug|x64
		{ECD697FB-2C85-423D-B971-E480E6878FAB}.Debug|x64.Build.0 = Debug|x64
		{ECD697FB-2C85-423D-B971-E480E6878FAB}.Debug|x86.ActiveCfg = Debug|Win32
		{ECD697FB-2C85-423D-B971-E480E6878FAB}.Debug|x86.Build.0 = Debug|Win32
		{ECD697FB-2C85-423D-B971-E480E6878FAB}.Release|x64.ActiveCfg = Release|x64
		{ECD697FB-2C85-423D-B971-E480E6878FAB}.Release|x64.Build.0 = Release|x64
		{ECD697FB-2C85-423D-B971-E480E6878FAB}.Release|x86.ActiveCfg = Release|Win32
		{ECD697FB-2C85-423D-B971-E480E6878FAB}.Release|x86.Build.0 = Release|Win32
		{415B8187-A7D4-4B67-95CA-8B35626F3516}.Debug|x64.ActiveCfg = Debug|x64
		{415B8187-A7D4-4B67-95CA-8B35626F3516}.Debug|x64.Build.0 = Debug|x64
		{415B8187-A7D4-4B67-95CA-8B35626F3516}.Debug|x86.ActiveCfg = Debug|Win32
		{415B8187-A7D4-4B67-95CA-8B35626F3516}.Debug|x86.Build.0 = Debug|Win32
		{415B8187-A7D4-4B67-95CA-8B35626F3516}.Release|x64.ActiveCfg = Release|x64
		{415B8187-A7D4-4B67-95CA-8B35626F3516}.Release|x64.Build.0 = Release|x64
		{415B8187-A7D4-4B67-95CA-8B35626F3516}.Release|x86.ActiveCfg = Release|Win32
		{415B8187-A7D4-4B67-95CA-8B35626F3516}.Release|x86.Build.0 = Release|Win32
		{9E370C14-AE70-46C1-A410-3B701DFC9120}.Debug|x64.ActiveCfg = Debug|x64
		{9E370C14-AE70-46C1-A410-3B701DFC9120}.Debug|x64.Build.0 = Debug|x64
		{9E370C14-AE70-46C1-A410-3B701DFC9120}.Debug|x86.ActiveCfg = Debug|Win32
		{9E370C14-AE70-46C1-A410-3B701DFC9120}.Debug|x86.Build.0 = Debug|Win32
		{9E370C14-AE70-46C1-A410-3B701DFC9120}.Release|x64.ActiveCfg = Release|x64
		{9E370C14-AE70-46C1-A410-3B701DFC9120}.Release|x64.Build.0 = Release|x64
		{9E370C14-AE70-46C1-A410-3B701DFC9120}.Release|x86.ActiveCfg = Release|Win32
		{9E370C14-AE70-46C1-A410-3B701DFC9120}.Release|x86.Build.0 = Release|Win32
		{FD543119-9492-46B2-BFB0-1FD179A1A96B}.Debug|x64.ActiveCfg = Debug|x64
		{FD543119-9492-46B2-BFB0-1FD179A1A96B}.Debug|x64.Build.0 = Debug|x64
		{FD543119-9492-46B2-BFB0-1FD179A1A96B}.Debug|x86.ActiveCfg = Debug|Win32
		{FD543119-9492-46B2-BFB0-1FD179A1A96B}.Debug|x86.Build.0 = Debug|Win32
		{FD543119-9492-46B2-BFB0-1FD179A1A96B}.Release|x64.ActiveCfg = Release|x64
		{FD543119-9492-46B2-BFB0-1FD179A1A96B}.Release|x64.Build.0 = Release|x64
		{FD543119-9492-46B2-BFB0-1FD179A1A96B}.Release|x86.ActiveCfg = Release|Win32
		{FD543119-9492-46B2-BFB0-1FD179A1A96B}.Release|x86.Build.0 = Release|Win32
	EndGlobalSection
	GlobalSection(SolutionProperties) = preSolution
		HideSolutionNode = FALSE
	EndGlobalSection
	GlobalSection(NestedProjects) = preSolution
		{F51E4A6E-16F2-4C16-92CF-0B4BD3E24770} = {1AFBE388-9A20-49A0-B251-21FE5D91A250}
		{4FA3FF05-D487-4617-808D-23163436620D} = {1AFBE388-9A20-49A0-B251-21FE5D91A250}
		{2B92C8CD-A7CD-43C1-AB64-E9943EF2A137} = {1AFBE388-9A20-49A0-B251-21FE5D91A250}
		{C75BD20F-4141-4866-9863-978EFEA74BC5} = {1AFBE388-9A20-49A0-B251-21FE5D91A250}
		{0C4920A0-CB38-426B-8471-E3FC36D8618D} = {1AFBE388-9A20-49A0-B251-21FE5D91A250}
		{C6E446E9-6EC3-40F1-AF18-5EBD9F0FD3A5} = {1AFBE388-9A20-49A0-B251-21FE5D91A250}
		{EF99F097-A258-49CD-910C-7B283D0660B7} = {1AFBE388-9A20-49A0-B251-21FE5D91A250}
		{472B49EE-5D8F-484F-96E8-1B7DE0D02E52} = {F6A098FA-9DAE-4782-9E12-F66F24768ADC}
		{F6A098FA-9DAE-4782-9E12-F66F24768ADC} = {2E810A57-6700-4FB4-B7B1-550F77A2D885}
		{1AFBE388-9A20-49A0-B251-21FE5D91A250} = {2E810A57-6700-4FB4-B7B1-550F77A2D885}
		{8B88B5D6-E0A4-4D0C-87D1-1D36C1DA0F99} = {F6A098FA-9DAE-4782-9E12-F66F24768ADC}
		{731D4D2D-2E95-4675-8786-CCCCB31650A7} = {F6A098FA-9DAE-4782-9E12-F66F24768ADC}
		{325C9F3F-E1BB-4BDF-AF6A-B9F30727CF5D} = {2E810A57-6700-4FB4-B7B1-550F77A2D885}
		{BAB581F0-9736-4782-B1C4-36ED2AA8D879} = {325C9F3F-E1BB-4BDF-AF6A-B9F30727CF5D}
		{E1E7FA85-262C-44A0-8B0A-3C5E7C7B7DF1} = {1AFBE388-9A20-49A0-B251-21FE5D91A250}
		{E8A32C69-515B-4093-A684-CDAA8E51D0E8} = {325C9F3F-E1BB-4BDF-AF6A-B9F30727CF5D}
		{68643712-C49A-4E9D-A383-60B8D68F45E0} = {62BBC73A-90B3-4500-835A-ADCA5FAD4695}
		{7D13A825-01A3-4B57-9021-A1888B41F9CA} = {5C76C335-9325-4E03-A0FD-8F8D63A9C56A}
		{4AF59F4E-193F-43D0-8FC5-F2BCEEE89566} = {325C9F3F-E1BB-4BDF-AF6A-B9F30727CF5D}
		{CD95B696-7E7F-4BD4-853B-712274411A97} = {5C76C335-9325-4E03-A0FD-8F8D63A9C56A}
		{95B03B5A-69D8-4A1C-8848-1B84E9BAA74A} = {5C76C335-9325-4E03-A0FD-8F8D63A9C56A}
		{A499AF1B-236F-4278-ABF4-29B2AC855C68} = {5C76C335-9325-4E03-A0FD-8F8D63A9C56A}
		{D4E47162-9BCC-49AD-9DD7-1CF4B2148F00} = {5C76C335-9325-4E03-A0FD-8F8D63A9C56A}
		{49192EEA-1620-4114-8A80-2F2172FCB9CD} = {5C76C335-9325-4E03-A0FD-8F8D63A9C56A}
		{58BB300E-FF8D-4C66-983A-628E404DED0A} = {5C76C335-9325-4E03-A0FD-8F8D63A9C56A}
		{397D7D8F-EDFF-4535-95AD-67E970B6D5DD} = {5C76C335-9325-4E03-A0FD-8F8D63A9C56A}
		{703E6D52-29A0-4133-A8F0-2235D9ED85F3} = {5C76C335-9325-4E03-A0FD-8F8D63A9C56A}
		{A349A3AB-A31B-418B-AFE9-1BC831ACD3BB} = {5C76C335-9325-4E03-A0FD-8F8D63A9C56A}
		{721EA512-4604-49C3-8CE1-4C4B79025A5A} = {5C76C335-9325-4E03-A0FD-8F8D63A9C56A}
		{C36A27E9-13D0-498F-B676-65CBB9AB19D5} = {325C9F3F-E1BB-4BDF-AF6A-B9F30727CF5D}
		{AB1BAF9E-E050-400C-9015-25C8E23E3947} = {62BBC73A-90B3-4500-835A-ADCA5FAD4695}
		{E3FEB3CB-6A30-4221-9520-1138A31E6043} = {D842F7B1-6F8B-4F34-9BDA-284F8EB2FE8C}
		{DAFC3222-0866-45C5-9675-F257F8588C03} = {D842F7B1-6F8B-4F34-9BDA-284F8EB2FE8C}
		{CF2830C8-84E0-4965-A40C-D06323E99B9B} = {D842F7B1-6F8B-4F34-9BDA-284F8EB2FE8C}
		{AA718364-E2F6-42AB-AB87-4486E3035685} = {D842F7B1-6F8B-4F34-9BDA-284F8EB2FE8C}
		{0FC5E842-808C-4D85-8233-5F9A37F578AB} = {D842F7B1-6F8B-4F34-9BDA-284F8EB2FE8C}
		{837AC790-CEF0-4D4B-960C-5E485AF88D3F} = {D842F7B1-6F8B-4F34-9BDA-284F8EB2FE8C}
		{CCEE06C5-0039-49FA-88CE-4F2A982CCCE3} = {58EE9C60-B3B0-498C-8FCA-44708F5A9344}
		{58EE9C60-B3B0-498C-8FCA-44708F5A9344} = {2E810A57-6700-4FB4-B7B1-550F77A2D885}
		{5854707C-5B42-4A3E-80F7-307F91A8CE90} = {D842F7B1-6F8B-4F34-9BDA-284F8EB2FE8C}
		{100A73EB-F22F-4025-9CD8-1901DE0DAB7E} = {D842F7B1-6F8B-4F34-9BDA-284F8EB2FE8C}
		{C37A1FE2-5384-458A-8E84-F5D46E0DC720} = {D842F7B1-6F8B-4F34-9BDA-284F8EB2FE8C}
		{0320BBF7-684C-4A35-9DED-BB518F4BC481} = {58EE9C60-B3B0-498C-8FCA-44708F5A9344}
		{C2F1CA44-02E5-45B2-9EB0-B99F9D9991A8} = {D842F7B1-6F8B-4F34-9BDA-284F8EB2FE8C}
		{A635200F-AA1B-45AF-9C66-019C47886275} = {325C9F3F-E1BB-4BDF-AF6A-B9F30727CF5D}
		{9B1819A9-092D-4CC3-A1E1-6DC84F40F2B2} = {62BBC73A-90B3-4500-835A-ADCA5FAD4695}
		{BCAFDE06-39BD-454D-B6CE-C8BFA0335024} = {1AFBE388-9A20-49A0-B251-21FE5D91A250}
		{7D059BDA-DDD9-43B6-BA60-5D5A068162A8} = {1AFBE388-9A20-49A0-B251-21FE5D91A250}
		{85AD98AD-01EB-40CD-871D-F8943B01A5D2} = {56C95D0A-4BE9-4555-B848-07DB9DDA11B0}
		{0E2040DC-A452-40E4-97F5-FDB806A75838} = {56C95D0A-4BE9-4555-B848-07DB9DDA11B0}
		{56C95D0A-4BE9-4555-B848-07DB9DDA11B0} = {0DB2E86E-38CD-40DD-B1A4-AE39431363D7}
		{9B0AA212-5B4E-4ACE-9023-146032543A61} = {0DB2E86E-38CD-40DD-B1A4-AE39431363D7}
		{1DE6E31D-A87E-43FC-871E-D76CF10E9EA3} = {9B0AA212-5B4E-4ACE-9023-146032543A61}
		{A9F4EC38-740E-4F22-8DF9-1F502B5CE8C1} = {9B0AA212-5B4E-4ACE-9023-146032543A61}
		{AE9BCE41-7712-4664-B01D-94C072B86827} = {0DB2E86E-38CD-40DD-B1A4-AE39431363D7}
		{B44F44A5-C870-43B4-91E3-696084F33547} = {AE9BCE41-7712-4664-B01D-94C072B86827}
		{3796E925-996C-4005-8F47-FC936B08BEFE} = {AE9BCE41-7712-4664-B01D-94C072B86827}
		{749EB593-183E-481E-A9DF-15586F40FD7C} = {32AA55B7-C05E-48F9-B9E6-E3CFBAA64BB7}
		{C6556106-2433-488F-B265-C522AE07A0B5} = {32AA55B7-C05E-48F9-B9E6-E3CFBAA64BB7}
		{77CA553E-E954-4014-887D-66CE7BD9A7B5} = {32AA55B7-C05E-48F9-B9E6-E3CFBAA64BB7}
		{F07991CE-065F-476A-B0BD-C3C48BC7427A} = {32AA55B7-C05E-48F9-B9E6-E3CFBAA64BB7}
		{4B4C6F4D-2CA7-489A-8FED-5BFE770FEDFD} = {32AA55B7-C05E-48F9-B9E6-E3CFBAA64BB7}
		{ECD697FB-2C85-423D-B971-E480E6878FAB} = {32AA55B7-C05E-48F9-B9E6-E3CFBAA64BB7}
		{415B8187-A7D4-4B67-95CA-8B35626F3516} = {32AA55B7-C05E-48F9-B9E6-E3CFBAA64BB7}
		{9E370C14-AE70-46C1-A410-3B701DFC9120} = {32AA55B7-C05E-48F9-B9E6-E3CFBAA64BB7}
		{FD543119-9492-46B2-BFB0-1FD179A1A96B} = {32AA55B7-C05E-48F9-B9E6-E3CFBAA64BB7}
	EndGlobalSection
	GlobalSection(ExtensibilityGlobals) = postSolution
		SolutionGuid = {705F5CF8-4550-4484-82C6-0186CC99109D}
	EndGlobalSection
EndGlobal
